// !$*UTF8*$!
{
	archiveVersion = 1;
	classes = {
	};
	objectVersion = 46;
	objects = {

/* Begin PBXBuildFile section */
		7968074F1EB185D30030A9D3 /* AppDelegate.swift in Sources */ = {isa = PBXBuildFile; fileRef = 7968074E1EB185D30030A9D3 /* AppDelegate.swift */; };
		796807511EB185D30030A9D3 /* ViewController.swift in Sources */ = {isa = PBXBuildFile; fileRef = 796807501EB185D30030A9D3 /* ViewController.swift */; };
		796807541EB185D30030A9D3 /* Main.storyboard in Resources */ = {isa = PBXBuildFile; fileRef = 796807521EB185D30030A9D3 /* Main.storyboard */; };
		796807571EB185D30030A9D3 /* reversi.xcdatamodeld in Sources */ = {isa = PBXBuildFile; fileRef = 796807551EB185D30030A9D3 /* reversi.xcdatamodeld */; };
		796807591EB185D30030A9D3 /* Assets.xcassets in Resources */ = {isa = PBXBuildFile; fileRef = 796807581EB185D30030A9D3 /* Assets.xcassets */; };
		7968075C1EB185D30030A9D3 /* LaunchScreen.storyboard in Resources */ = {isa = PBXBuildFile; fileRef = 7968075A1EB185D30030A9D3 /* LaunchScreen.storyboard */; };
		796807641EB18F650030A9D3 /* uiview.swift in Sources */ = {isa = PBXBuildFile; fileRef = 796807631EB18F650030A9D3 /* uiview.swift */; };
		796807661EB19F070030A9D3 /* File.swift in Sources */ = {isa = PBXBuildFile; fileRef = 796807651EB19F070030A9D3 /* File.swift */; };
/* End PBXBuildFile section */

/* Begin PBXFileReference section */
		7968074B1EB185D30030A9D3 /* reversi.app */ = {isa = PBXFileReference; explicitFileType = wrapper.application; includeInIndex = 0; path = reversi.app; sourceTree = BUILT_PRODUCTS_DIR; };
		7968074E1EB185D30030A9D3 /* AppDelegate.swift */ = {isa = PBXFileReference; lastKnownFileType = sourcecode.swift; path = AppDelegate.swift; sourceTree = "<group>"; };
		796807501EB185D30030A9D3 /* ViewController.swift */ = {isa = PBXFileReference; lastKnownFileType = sourcecode.swift; path = ViewController.swift; sourceTree = "<group>"; };
		796807531EB185D30030A9D3 /* Base */ = {isa = PBXFileReference; lastKnownFileType = file.storyboard; name = Base; path = Base.lproj/Main.storyboard; sourceTree = "<group>"; };
		796807561EB185D30030A9D3 /* reversi.xcdatamodel */ = {isa = PBXFileReference; lastKnownFileType = wrapper.xcdatamodel; path = reversi.xcdatamodel; sourceTree = "<group>"; };
		796807581EB185D30030A9D3 /* Assets.xcassets */ = {isa = PBXFileReference; lastKnownFileType = folder.assetcatalog; path = Assets.xcassets; sourceTree = "<group>"; };
		7968075B1EB185D30030A9D3 /* Base */ = {isa = PBXFileReference; lastKnownFileType = file.storyboard; name = Base; path = Base.lproj/LaunchScreen.storyboard; sourceTree = "<group>"; };
		7968075D1EB185D30030A9D3 /* Info.plist */ = {isa = PBXFileReference; lastKnownFileType = text.plist.xml; path = Info.plist; sourceTree = "<group>"; };
		796807631EB18F650030A9D3 /* uiview.swift */ = {isa = PBXFileReference; fileEncoding = 4; lastKnownFileType = sourcecode.swift; path = uiview.swift; sourceTree = "<group>"; };
		796807651EB19F070030A9D3 /* File.swift */ = {isa = PBXFileReference; fileEncoding = 4; lastKnownFileType = sourcecode.swift; name = File.swift; path = ../File.swift; sourceTree = "<group>"; };
/* End PBXFileReference section */

/* Begin PBXFrameworksBuildPhase section */
		796807481EB185D30030A9D3 /* Frameworks */ = {
			isa = PBXFrameworksBuildPhase;
			buildActionMask = 2147483647;
			files = (
			);
			runOnlyForDeploymentPostprocessing = 0;
		};
/* End PBXFrameworksBuildPhase section */

/* Begin PBXGroup section */
		796807421EB185D30030A9D3 = {
			isa = PBXGroup;
			children = (
				7968074D1EB185D30030A9D3 /* reversi */,
				7968074C1EB185D30030A9D3 /* Products */,
			);
			sourceTree = "<group>";
		};
		7968074C1EB185D30030A9D3 /* Products */ = {
			isa = PBXGroup;
			children = (
				7968074B1EB185D30030A9D3 /* reversi.app */,
			);
			name = Products;
			sourceTree = "<group>";
		};
		7968074D1EB185D30030A9D3 /* reversi */ = {
			isa = PBXGroup;
			children = (
				7968074E1EB185D30030A9D3 /* AppDelegate.swift */,
				796807501EB185D30030A9D3 /* ViewController.swift */,
				796807521EB185D30030A9D3 /* Main.storyboard */,
				796807581EB185D30030A9D3 /* Assets.xcassets */,
				7968075A1EB185D30030A9D3 /* LaunchScreen.storyboard */,
				7968075D1EB185D30030A9D3 /* Info.plist */,
				796807551EB185D30030A9D3 /* reversi.xcdatamodeld */,
				796807631EB18F650030A9D3 /* uiview.swift */,
				796807651EB19F070030A9D3 /* File.swift */,
			);
			path = reversi;
			sourceTree = "<group>";
		};
/* End PBXGroup section */

/* Begin PBXNativeTarget section */
		7968074A1EB185D30030A9D3 /* reversi */ = {
			isa = PBXNativeTarget;
			buildConfigurationList = 796807601EB185D30030A9D3 /* Build configuration list for PBXNativeTarget "reversi" */;
			buildPhases = (
				796807471EB185D30030A9D3 /* Sources */,
				796807481EB185D30030A9D3 /* Frameworks */,
				796807491EB185D30030A9D3 /* Resources */,
			);
			buildRules = (
			);
			dependencies = (
			);
			name = reversi;
			productName = reversi;
			productReference = 7968074B1EB185D30030A9D3 /* reversi.app */;
			productType = "com.apple.product-type.application";
		};
/* End PBXNativeTarget section */

/* Begin PBXProject section */
		796807431EB185D30030A9D3 /* Project object */ = {
			isa = PBXProject;
			attributes = {
				LastSwiftUpdateCheck = 0820;
				LastUpgradeCheck = 0820;
				ORGANIZATIONNAME = "Monolith Works Inc.";
				TargetAttributes = {
					7968074A1EB185D30030A9D3 = {
						CreatedOnToolsVersion = 8.2.1;
						DevelopmentTeam = 2XD7K7368V;
						ProvisioningStyle = Automatic;
					};
				};
			};
			buildConfigurationList = 796807461EB185D30030A9D3 /* Build configuration list for PBXProject "reversi" */;
			compatibilityVersion = "Xcode 3.2";
			developmentRegion = English;
			hasScannedForEncodings = 0;
			knownRegions = (
				en,
				Base,
			);
			mainGroup = 796807421EB185D30030A9D3;
			productRefGroup = 7968074C1EB185D30030A9D3 /* Products */;
			projectDirPath = "";
			projectRoot = "";
			targets = (
				7968074A1EB185D30030A9D3 /* reversi */,
			);
		};
/* End PBXProject section */

/* Begin PBXResourcesBuildPhase section */
		796807491EB185D30030A9D3 /* Resources */ = {
			isa = PBXResourcesBuildPhase;
			buildActionMask = 2147483647;
			files = (
				7968075C1EB185D30030A9D3 /* LaunchScreen.storyboard in Resources */,
				796807591EB185D30030A9D3 /* Assets.xcassets in Resources */,
				796807541EB185D30030A9D3 /* Main.storyboard in Resources */,
			);
			runOnlyForDeploymentPostprocessing = 0;
		};
/* End PBXResourcesBuildPhase section */

/* Begin PBXSourcesBuildPhase section */
		796807471EB185D30030A9D3 /* Sources */ = {
			isa = PBXSourcesBuildPhase;
			buildActionMask = 2147483647;
			files = (
				796807661EB19F070030A9D3 /* File.swift in Sources */,
				796807641EB18F650030A9D3 /* uiview.swift in Sources */,
				796807511EB185D30030A9D3 /* ViewController.swift in Sources */,
				796807571EB185D30030A9D3 /* reversi.xcdatamodeld in Sources */,
				7968074F1EB185D30030A9D3 /* AppDelegate.swift in Sources */,
			);
			runOnlyForDeploymentPostprocessing = 0;
		};
/* End PBXSourcesBuildPhase section */

/* Begin PBXVariantGroup section */
		796807521EB185D30030A9D3 /* Main.storyboard */ = {
			isa = PBXVariantGroup;
			children = (
				796807531EB185D30030A9D3 /* Base */,
			);
			name = Main.storyboard;
			sourceTree = "<group>";
		};
		7968075A1EB185D30030A9D3 /* LaunchScreen.storyboard */ = {
			isa = PBXVariantGroup;
			children = (
				7968075B1EB185D30030A9D3 /* Base */,
			);
			name = LaunchScreen.storyboard;
			sourceTree = "<group>";
		};
/* End PBXVariantGroup section */

/* Begin XCBuildConfiguration section */
		7968075E1EB185D30030A9D3 /* Debug */ = {
			isa = XCBuildConfiguration;
			buildSettings = {
				ALWAYS_SEARCH_USER_PATHS = NO;
				CLANG_ANALYZER_NONNULL = YES;
				CLANG_CXX_LANGUAGE_STANDARD = "gnu++0x";
				CLANG_CXX_LIBRARY = "libc++";
				CLANG_ENABLE_MODULES = YES;
				CLANG_ENABLE_OBJC_ARC = YES;
				CLANG_WARN_BOOL_CONVERSION = YES;
				CLANG_WARN_CONSTANT_CONVERSION = YES;
				CLANG_WARN_DIRECT_OBJC_ISA_USAGE = YES_ERROR;
				CLANG_WARN_DOCUMENTATION_COMMENTS = YES;
				CLANG_WARN_EMPTY_BODY = YES;
				CLANG_WARN_ENUM_CONVERSION = YES;
				CLANG_WARN_INFINITE_RECURSION = YES;
				CLANG_WARN_INT_CONVERSION = YES;
				CLANG_WARN_OBJC_ROOT_CLASS = YES_ERROR;
				CLANG_WARN_SUSPICIOUS_MOVE = YES;
				CLANG_WARN_UNREACHABLE_CODE = YES;
				CLANG_WARN__DUPLICATE_METHOD_MATCH = YES;
				"CODE_SIGN_IDENTITY[sdk=iphoneos*]" = "iPhone Developer";
				COPY_PHASE_STRIP = NO;
				DEBUG_INFORMATION_FORMAT = dwarf;
				ENABLE_STRICT_OBJC_MSGSEND = YES;
				ENABLE_TESTABILITY = YES;
				GCC_C_LANGUAGE_STANDARD = gnu99;
				GCC_DYNAMIC_NO_PIC = NO;
				GCC_NO_COMMON_BLOCKS = YES;
				GCC_OPTIMIZATION_LEVEL = 0;
				GCC_PREPROCESSOR_DEFINITIONS = (
					"DEBUG=1",
					"$(inherited)",
				);
				GCC_WARN_64_TO_32_BIT_CONVERSION = YES;
				GCC_WARN_ABOUT_RETURN_TYPE = YES_ERROR;
				GCC_WARN_UNDECLARED_SELECTOR = YES;
				GCC_WARN_UNINITIALIZED_AUTOS = YES_AGGRESSIVE;
				GCC_WARN_UNUSED_FUNCTION = YES;
				GCC_WARN_UNUSED_VARIABLE = YES;
				IPHONEOS_DEPLOYMENT_TARGET = 10.2;
				MTL_ENABLE_DEBUG_INFO = YES;
				ONLY_ACTIVE_ARCH = YES;
				SDKROOT = iphoneos;
				SWIFT_ACTIVE_COMPILATION_CONDITIONS = DEBUG;
				SWIFT_OPTIMIZATION_LEVEL = "-Onone";
			};
			name = Debug;
		};
		7968075F1EB185D30030A9D3 /* Release */ = {
			isa = XCBuildConfiguration;
			buildSettings = {
				ALWAYS_SEARCH_USER_PATHS = NO;
				CLANG_ANALYZER_NONNULL = YES;
				CLANG_CXX_LANGUAGE_STANDARD = "gnu++0x";
				CLANG_CXX_LIBRARY = "libc++";
				CLANG_ENABLE_MODULES = YES;
				CLANG_ENABLE_OBJC_ARC = YES;
				CLANG_WARN_BOOL_CONVERSION = YES;
				CLANG_WARN_CONSTANT_CONVERSION = YES;
				CLANG_WARN_DIRECT_OBJC_ISA_USAGE = YES_ERROR;
				CLANG_WARN_DOCUMENTATION_COMMENTS = YES;
				CLANG_WARN_EMPTY_BODY = YES;
				CLANG_WARN_ENUM_CONVERSION = YES;
				CLANG_WARN_INFINITE_RECURSION = YES;
				CLANG_WARN_INT_CONVERSION = YES;
				CLANG_WARN_OBJC_ROOT_CLASS = YES_ERROR;
				CLANG_WARN_SUSPICIOUS_MOVE = YES;
				CLANG_WARN_UNREACHABLE_CODE = YES;
				CLANG_WARN__DUPLICATE_METHOD_MATCH = YES;
				"CODE_SIGN_IDENTITY[sdk=iphoneos*]" = "iPhone Developer";
				COPY_PHASE_STRIP = NO;
				DEBUG_INFORMATION_FORMAT = "dwarf-with-dsym";
				ENABLE_NS_ASSERTIONS = NO;
				ENABLE_STRICT_OBJC_MSGSEND = YES;
				GCC_C_LANGUAGE_STANDARD = gnu99;
				GCC_NO_COMMON_BLOCKS = YES;
				GCC_WARN_64_TO_32_BIT_CONVERSION = YES;
				GCC_WARN_ABOUT_RETURN_TYPE = YES_ERROR;
				GCC_WARN_UNDECLARED_SELECTOR = YES;
				GCC_WARN_UNINITIALIZED_AUTOS = YES_AGGRESSIVE;
				GCC_WARN_UNUSED_FUNCTION = YES;
				GCC_WARN_UNUSED_VARIABLE = YES;
				IPHONEOS_DEPLOYMENT_TARGET = 10.2;
				MTL_ENABLE_DEBUG_INFO = NO;
				SDKROOT = iphoneos;
				SWIFT_OPTIMIZATION_LEVEL = "-Owholemodule";
				VALIDATE_PRODUCT = YES;
			};
			name = Release;
		};
		796807611EB185D30030A9D3 /* Debug */ = {
			isa = XCBuildConfiguration;
			buildSettings = {
				ASSETCATALOG_COMPILER_APPICON_NAME = AppIcon;
				DEVELOPMENT_TEAM = 2XD7K7368V;
				INFOPLIST_FILE = reversi/Info.plist;
				LD_RUNPATH_SEARCH_PATHS = "$(inherited) @executable_path/Frameworks";
				PRODUCT_BUNDLE_IDENTIFIER = jp.co.monolithworks.reversi;
				PRODUCT_NAME = "$(TARGET_NAME)";
				SWIFT_VERSION = 3.0;
			};
			name = Debug;
		};
		796807621EB185D30030A9D3 /* Release */ = {
			isa = XCBuildConfiguration;
			buildSettings = {
				ASSETCATALOG_COMPILER_APPICON_NAME = AppIcon;
				DEVELOPMENT_TEAM = 2XD7K7368V;
				INFOPLIST_FILE = reversi/Info.plist;
				LD_RUNPATH_SEARCH_PATHS = "$(inherited) @executable_path/Frameworks";
				PRODUCT_BUNDLE_IDENTIFIER = jp.co.monolithworks.reversi;
				PRODUCT_NAME = "$(TARGET_NAME)";
				SWIFT_VERSION = 3.0;
			};
			name = Release;
		};
/* End XCBuildConfiguration section */

/* Begin XCConfigurationList section */
		796807461EB185D30030A9D3 /* Build configuration list for PBXProject "reversi" */ = {
			isa = XCConfigurationList;
			buildConfigurations = (
				7968075E1EB185D30030A9D3 /* Debug */,
				7968075F1EB185D30030A9D3 /* Release */,
			);
			defaultConfigurationIsVisible = 0;
			defaultConfigurationName = Release;
		};
		796807601EB185D30030A9D3 /* Build configuration list for PBXNativeTarget "reversi" */ = {
			isa = XCConfigurationList;
			buildConfigurations = (
				796807611EB185D30030A9D3 /* Debug */,
				796807621EB185D30030A9D3 /* Release */,
			);
			defaultConfigurationIsVisible = 0;
		};
/* End XCConfigurationList section */

/* Begin XCVersionGroup section */
		796807551EB185D30030A9D3 /* reversi.xcdatamodeld */ = {
			isa = XCVersionGroup;
			children = (
				796807561EB185D30030A9D3 /* reversi.xcdatamodel */,
			);
			currentVersion = 796807561EB185D30030A9D3 /* reversi.xcdatamodel */;
			path = reversi.xcdatamodeld;
			sourceTree = "<group>";
			versionGroupType = wrapper.xcdatamodel;
		};
/* End XCVersionGroup section */
	};
	rootObject = 796807431EB185D30030A9D3 /* Project object */;
}
